
Microsoft Visual Studio Solution File, Format Version 12.00
# Visual Studio 15
VisualStudioVersion = 15.0.26430.4
MinimumVisualStudioVersion = 10.0.40219.1
Project("{FAE04EC0-301F-11D3-BF4B-00C04F79EFBC}") = "WpfApp1", "WpfApp1\WpfApp1.csproj", "{9562DF3C-8431-4619-8755-5E043BAD8586}"
EndProject
Project("{FAE04EC0-301F-11D3-BF4B-00C04F79EFBC}") = "ThemesManager", "ThemesManager\ThemesManager.csproj", "{A8943F99-6F6A-446F-ACE4-F60869A7A5F3}"
EndProject
Project("{D954291E-2A0B-460D-934E-DC6B0785DB48}") = "ThemesResources.Shared", "ThemesResources\ThemesResources.Shared.shproj", "{F412F301-A056-4C7C-B73E-FE5BFE933419}"
EndProject
Global
	GlobalSection(SharedMSBuildProjectFiles) = preSolution
		ThemesResources\ThemesResources.Shared.projitems*{f412f301-a056-4c7c-b73e-fe5bfe933419}*SharedItemsImports = 13
	EndGlobalSection
	GlobalSection(SolutionConfigurationPlatforms) = preSolution
		Debug|Any CPU = Debug|Any CPU
		Release|Any CPU = Release|Any CPU
	EndGlobalSection
	GlobalSection(ProjectConfigurationPlatforms) = postSolution
		{9562DF3C-8431-4619-8755-5E043BAD8586}.Debug|Any CPU.ActiveCfg = Debug|Any CPU
		{9562DF3C-8431-4619-8755-5E043BAD8586}.Debug|Any CPU.Build.0 = Debug|Any CPU
		{9562DF3C-8431-4619-8755-5E043BAD8586}.Release|Any CPU.ActiveCfg = Release|Any CPU
		{9562DF3C-8431-4619-8755-5E043BAD8586}.Release|Any CPU.Build.0 = Release|Any CPU
		{A8943F99-6F6A-446F-ACE4-F60869A7A5F3}.Debug|Any CPU.ActiveCfg = Debug|Any CPU
		{A8943F99-6F6A-446F-ACE4-F60869A7A5F3}.Debug|Any CPU.Build.0 = Debug|Any CPU
		{A8943F99-6F6A-446F-ACE4-F60869A7A5F3}.Release|Any CPU.ActiveCfg = Release|Any CPU
		{A8943F99-6F6A-446F-ACE4-F60869A7A5F3}.Release|Any CPU.Build.0 = Release|Any CPU
	EndGlobalSection
	GlobalSection(SolutionProperties) = preSolution
		HideSolutionNode = FALSE
	EndGlobalSection
EndGlobal
